
Microsoft Visual Studio Solution File, Format Version 12.00
# Visual Studio 15
VisualStudioVersion = 15.0.28010.2041
MinimumVisualStudioVersion = 10.0.40219.1
Project("{FAE04EC0-301F-11D3-BF4B-00C04F79EFBC}") = "ConsoleApp_isd_1", "ConsoleApp_isd_1\ConsoleApp_isd_1.csproj", "{18E552AA-FFB7-475D-ABBF-40DD211664E9}"
EndProject
Global
	GlobalSection(SolutionConfigurationPlatforms) = preSolution
		Debug|Any CPU = Debug|Any CPU
		Release|Any CPU = Release|Any CPU
	EndGlobalSection
	GlobalSection(ProjectConfigurationPlatforms) = postSolution
		{18E552AA-FFB7-475D-ABBF-40DD211664E9}.Debug|Any CPU.ActiveCfg = Debug|Any CPU
		{18E552AA-FFB7-475D-ABBF-40DD211664E9}.Debug|Any CPU.Build.0 = Debug|Any CPU
		{18E552AA-FFB7-475D-ABBF-40DD211664E9}.Release|Any CPU.ActiveCfg = Release|Any CPU
		{18E552AA-FFB7-475D-ABBF-40DD211664E9}.Release|Any CPU.Build.0 = Release|Any CPU
	EndGlobalSection
	GlobalSection(SolutionProperties) = preSolution
		HideSolutionNode = FALSE
	EndGlobalSection
	GlobalSection(ExtensibilityGlobals) = postSolution
		SolutionGuid = {69DEAA2C-23B2-4C12-8FDF-7AEFB8EDF9DE}
	EndGlobalSection
EndGlobal
